
Microsoft Visual Studio Solution File, Format Version 12.00
# Visual Studio Version 17
VisualStudioVersion = 17.1.32319.34
MinimumVisualStudioVersion = 10.0.40219.1
Project("{2150E333-8FDC-42A3-9474-1A3956D46DE8}") = "src", "src", "{8A38BDCA-BD5A-4068-8FD7-1F99C5B648D4}"
EndProject
Project("{9A19103F-16F7-4668-BE54-9A1E7A4F7556}") = "UpToDocuLibrary6", "src\UpToDocuLibrary\UpToDocuLibrary6.csproj", "{B334BAD5-5313-4654-A080-030DEF719C46}"
EndProject
Project("{9A19103F-16F7-4668-BE54-9A1E7A4F7556}") = "UpToDocuCli6", "src\UpToDocuCli\UpToDocuCli6.csproj", "{68067309-B153-4E20-9A93-1D71421D0980}"
EndProject
Project("{2150E333-8FDC-42A3-9474-1A3956D46DE8}") = "test", "test", "{A1740C2C-F32F-4852-B24E-1FF6DAC87E04}"
EndProject
Project("{9A19103F-16F7-4668-BE54-9A1E7A4F7556}") = "UpToDocuTest6", "test\UpToDocuTest\UpToDocuTest6.csproj", "{12198D73-049D-41D9-AC4E-FA60CBD43D4A}"
EndProject
Project("{2150E333-8FDC-42A3-9474-1A3956D46DE8}") = "Solution Items", "Solution Items", "{1985387E-2A6E-49B8-A1A3-065AD38D9BEB}"
	ProjectSection(SolutionItems) = preProject
		.editorconfig = .editorconfig
	EndProjectSection
EndProject
Project("{9A19103F-16F7-4668-BE54-9A1E7A4F7556}") = "UpToDocuTestLibrary6", "src\UpToDocuTestLibrary\UpToDocuTestLibrary6.csproj", "{00F2593C-D27F-4F77-8345-ABC17EEE2F17}"
EndProject
Project("{9A19103F-16F7-4668-BE54-9A1E7A4F7556}") = "UpToDocuWepTestLibrary6", "src\UpToDocuWepTestLibrary\UpToDocuWepTestLibrary6.csproj", "{6C7EDDD1-15D8-43C0-954C-BC7ABB432BB7}"
EndProject
Project("{9A19103F-16F7-4668-BE54-9A1E7A4F7556}") = "UpToDocuVisualization6", "src\UpToDocuVisualization\UpToDocuVisualization6.csproj", "{773599C8-411E-4CB0-B2F9-AA7026F8C939}"
EndProject
Project("{2150E333-8FDC-42A3-9474-1A3956D46DE8}") = "samplepoc", "samplepoc", "{A9606ED4-D3E9-4673-AE43-7CA0CFAECC50}"
EndProject
Project("{9A19103F-16F7-4668-BE54-9A1E7A4F7556}") = "PocLibrary6", "samples\poc\src\PocLibrary\PocLibrary6.csproj", "{BE9245AD-39EC-4653-8ECD-B9EE6C2464D9}"
EndProject
Project("{9A19103F-16F7-4668-BE54-9A1E7A4F7556}") = "Specification6", "samples\poc\src\Specification\Specification6.csproj", "{77CB4479-2B18-4985-9AA1-FBBD468FE099}"
EndProject
Project("{9A19103F-16F7-4668-BE54-9A1E7A4F7556}") = "PocWebApp6", "samples\poc\src\PocWebApp\PocWebApp6.csproj", "{525DD53F-DD45-4DCF-8957-8DEE7C0C161E}"
EndProject
Global
	GlobalSection(SolutionConfigurationPlatforms) = preSolution
		Debug|Any CPU = Debug|Any CPU
		Release|Any CPU = Release|Any CPU
	EndGlobalSection
	GlobalSection(ProjectConfigurationPlatforms) = postSolution
		{B334BAD5-5313-4654-A080-030DEF719C46}.Debug|Any CPU.ActiveCfg = Debug|Any CPU
		{B334BAD5-5313-4654-A080-030DEF719C46}.Debug|Any CPU.Build.0 = Debug|Any CPU
		{B334BAD5-5313-4654-A080-030DEF719C46}.Release|Any CPU.ActiveCfg = Release|Any CPU
		{B334BAD5-5313-4654-A080-030DEF719C46}.Release|Any CPU.Build.0 = Release|Any CPU
		{68067309-B153-4E20-9A93-1D71421D0980}.Debug|Any CPU.ActiveCfg = Debug|Any CPU
		{68067309-B153-4E20-9A93-1D71421D0980}.Debug|Any CPU.Build.0 = Debug|Any CPU
		{68067309-B153-4E20-9A93-1D71421D0980}.Release|Any CPU.ActiveCfg = Release|Any CPU
		{68067309-B153-4E20-9A93-1D71421D0980}.Release|Any CPU.Build.0 = Release|Any CPU
		{12198D73-049D-41D9-AC4E-FA60CBD43D4A}.Debug|Any CPU.ActiveCfg = Debug|Any CPU
		{12198D73-049D-41D9-AC4E-FA60CBD43D4A}.Debug|Any CPU.Build.0 = Debug|Any CPU
		{12198D73-049D-41D9-AC4E-FA60CBD43D4A}.Release|Any CPU.ActiveCfg = Release|Any CPU
		{12198D73-049D-41D9-AC4E-FA60CBD43D4A}.Release|Any CPU.Build.0 = Release|Any CPU
		{00F2593C-D27F-4F77-8345-ABC17EEE2F17}.Debug|Any CPU.ActiveCfg = Debug|Any CPU
		{00F2593C-D27F-4F77-8345-ABC17EEE2F17}.Debug|Any CPU.Build.0 = Debug|Any CPU
		{00F2593C-D27F-4F77-8345-ABC17EEE2F17}.Release|Any CPU.ActiveCfg = Release|Any CPU
		{00F2593C-D27F-4F77-8345-ABC17EEE2F17}.Release|Any CPU.Build.0 = Release|Any CPU
		{6C7EDDD1-15D8-43C0-954C-BC7ABB432BB7}.Debug|Any CPU.ActiveCfg = Debug|Any CPU
		{6C7EDDD1-15D8-43C0-954C-BC7ABB432BB7}.Debug|Any CPU.Build.0 = Debug|Any CPU
		{6C7EDDD1-15D8-43C0-954C-BC7ABB432BB7}.Release|Any CPU.ActiveCfg = Release|Any CPU
		{6C7EDDD1-15D8-43C0-954C-BC7ABB432BB7}.Release|Any CPU.Build.0 = Release|Any CPU
		{773599C8-411E-4CB0-B2F9-AA7026F8C939}.Debug|Any CPU.ActiveCfg = Debug|Any CPU
		{773599C8-411E-4CB0-B2F9-AA7026F8C939}.Debug|Any CPU.Build.0 = Debug|Any CPU
		{773599C8-411E-4CB0-B2F9-AA7026F8C939}.Release|Any CPU.ActiveCfg = Release|Any CPU
		{773599C8-411E-4CB0-B2F9-AA7026F8C939}.Release|Any CPU.Build.0 = Release|Any CPU
		{BE9245AD-39EC-4653-8ECD-B9EE6C2464D9}.Debug|Any CPU.ActiveCfg = Debug|Any CPU
		{BE9245AD-39EC-4653-8ECD-B9EE6C2464D9}.Debug|Any CPU.Build.0 = Debug|Any CPU
		{BE9245AD-39EC-4653-8ECD-B9EE6C2464D9}.Release|Any CPU.ActiveCfg = Release|Any CPU
		{BE9245AD-39EC-4653-8ECD-B9EE6C2464D9}.Release|Any CPU.Build.0 = Release|Any CPU
		{77CB4479-2B18-4985-9AA1-FBBD468FE099}.Debug|Any CPU.ActiveCfg = Debug|Any CPU
		{77CB4479-2B18-4985-9AA1-FBBD468FE099}.Debug|Any CPU.Build.0 = Debug|Any CPU
		{77CB4479-2B18-4985-9AA1-FBBD468FE099}.Release|Any CPU.ActiveCfg = Release|Any CPU
		{77CB4479-2B18-4985-9AA1-FBBD468FE099}.Release|Any CPU.Build.0 = Release|Any CPU
		{525DD53F-DD45-4DCF-8957-8DEE7C0C161E}.Debug|Any CPU.ActiveCfg = Debug|Any CPU
		{525DD53F-DD45-4DCF-8957-8DEE7C0C161E}.Debug|Any CPU.Build.0 = Debug|Any CPU
		{525DD53F-DD45-4DCF-8957-8DEE7C0C161E}.Release|Any CPU.ActiveCfg = Release|Any CPU
		{525DD53F-DD45-4DCF-8957-8DEE7C0C161E}.Release|Any CPU.Build.0 = Release|Any CPU
	EndGlobalSection
	GlobalSection(SolutionProperties) = preSolution
		HideSolutionNode = FALSE
	EndGlobalSection
	GlobalSection(NestedProjects) = preSolution
		{B334BAD5-5313-4654-A080-030DEF719C46} = {8A38BDCA-BD5A-4068-8FD7-1F99C5B648D4}
		{68067309-B153-4E20-9A93-1D71421D0980} = {8A38BDCA-BD5A-4068-8FD7-1F99C5B648D4}
		{12198D73-049D-41D9-AC4E-FA60CBD43D4A} = {A1740C2C-F32F-4852-B24E-1FF6DAC87E04}
		{00F2593C-D27F-4F77-8345-ABC17EEE2F17} = {8A38BDCA-BD5A-4068-8FD7-1F99C5B648D4}
		{6C7EDDD1-15D8-43C0-954C-BC7ABB432BB7} = {8A38BDCA-BD5A-4068-8FD7-1F99C5B648D4}
		{773599C8-411E-4CB0-B2F9-AA7026F8C939} = {8A38BDCA-BD5A-4068-8FD7-1F99C5B648D4}
		{BE9245AD-39EC-4653-8ECD-B9EE6C2464D9} = {A9606ED4-D3E9-4673-AE43-7CA0CFAECC50}
		{77CB4479-2B18-4985-9AA1-FBBD468FE099} = {A9606ED4-D3E9-4673-AE43-7CA0CFAECC50}
		{525DD53F-DD45-4DCF-8957-8DEE7C0C161E} = {A9606ED4-D3E9-4673-AE43-7CA0CFAECC50}
	EndGlobalSection
	GlobalSection(ExtensibilityGlobals) = postSolution
		SolutionGuid = {3C79B118-7431-44D7-B911-CA5013DF5AAF}
	EndGlobalSection
EndGlobal
