
Microsoft Visual Studio Solution File, Format Version 12.00
# Visual Studio Version 16
VisualStudioVersion = 16.0.30114.105
MinimumVisualStudioVersion = 10.0.40219.1
Project("{2150E333-8FDC-42A3-9474-1A3956D46DE8}") = "src", "src", "{8A38BDCA-BD5A-4068-8FD7-1F99C5B648D4}"
EndProject
Project("{9A19103F-16F7-4668-BE54-9A1E7A4F7556}") = "UpToDocuLibrary5", "src\UpToDocuLibrary\UpToDocuLibrary5.csproj", "{B334BAD5-5313-4654-A080-030DEF719C46}"
EndProject
Project("{9A19103F-16F7-4668-BE54-9A1E7A4F7556}") = "UpToDocuCli5", "src\UpToDocuCli\UpToDocuCli5.csproj", "{68067309-B153-4E20-9A93-1D71421D0980}"
EndProject
Project("{2150E333-8FDC-42A3-9474-1A3956D46DE8}") = "test", "test", "{A1740C2C-F32F-4852-B24E-1FF6DAC87E04}"
EndProject
Project("{9A19103F-16F7-4668-BE54-9A1E7A4F7556}") = "UpToDocuTest5", "test\UpToDocuTest\UpToDocuTest5.csproj", "{12198D73-049D-41D9-AC4E-FA60CBD43D4A}"
EndProject
Project("{2150E333-8FDC-42A3-9474-1A3956D46DE8}") = "Solution Items", "Solution Items", "{1985387E-2A6E-49B8-A1A3-065AD38D9BEB}"
	ProjectSection(SolutionItems) = preProject
		.editorconfig = .editorconfig
	EndProjectSection
EndProject
Project("{9A19103F-16F7-4668-BE54-9A1E7A4F7556}") = "UpToDocuTestLibrary5", "src\UpToDocuTestLibrary\UpToDocuTestLibrary5.csproj", "{00F2593C-D27F-4F77-8345-ABC17EEE2F17}"
EndProject
Project("{9A19103F-16F7-4668-BE54-9A1E7A4F7556}") = "UpToDocuWepTestLibrary5", "src\UpToDocuWepTestLibrary\UpToDocuWepTestLibrary5.csproj", "{6C7EDDD1-15D8-43C0-954C-BC7ABB432BB7}"
EndProject
Project("{9A19103F-16F7-4668-BE54-9A1E7A4F7556}") = "UpToDocuVisualization", "src\UpToDocuVisualization\UpToDocuVisualization.csproj", "{773599C8-411E-4CB0-B2F9-AA7026F8C939}"
EndProject
Global
	GlobalSection(SolutionConfigurationPlatforms) = preSolution
		Debug|Any CPU = Debug|Any CPU
		Release|Any CPU = Release|Any CPU
	EndGlobalSection
	GlobalSection(ProjectConfigurationPlatforms) = postSolution
		{B334BAD5-5313-4654-A080-030DEF719C46}.Debug|Any CPU.ActiveCfg = Debug|Any CPU
		{B334BAD5-5313-4654-A080-030DEF719C46}.Debug|Any CPU.Build.0 = Debug|Any CPU
		{B334BAD5-5313-4654-A080-030DEF719C46}.Release|Any CPU.ActiveCfg = Release|Any CPU
		{B334BAD5-5313-4654-A080-030DEF719C46}.Release|Any CPU.Build.0 = Release|Any CPU
		{68067309-B153-4E20-9A93-1D71421D0980}.Debug|Any CPU.ActiveCfg = Debug|Any CPU
		{68067309-B153-4E20-9A93-1D71421D0980}.Debug|Any CPU.Build.0 = Debug|Any CPU
		{68067309-B153-4E20-9A93-1D71421D0980}.Release|Any CPU.ActiveCfg = Release|Any CPU
		{68067309-B153-4E20-9A93-1D71421D0980}.Release|Any CPU.Build.0 = Release|Any CPU
		{12198D73-049D-41D9-AC4E-FA60CBD43D4A}.Debug|Any CPU.ActiveCfg = Debug|Any CPU
		{12198D73-049D-41D9-AC4E-FA60CBD43D4A}.Debug|Any CPU.Build.0 = Debug|Any CPU
		{12198D73-049D-41D9-AC4E-FA60CBD43D4A}.Release|Any CPU.ActiveCfg = Release|Any CPU
		{12198D73-049D-41D9-AC4E-FA60CBD43D4A}.Release|Any CPU.Build.0 = Release|Any CPU
		{00F2593C-D27F-4F77-8345-ABC17EEE2F17}.Debug|Any CPU.ActiveCfg = Debug|Any CPU
		{00F2593C-D27F-4F77-8345-ABC17EEE2F17}.Debug|Any CPU.Build.0 = Debug|Any CPU
		{00F2593C-D27F-4F77-8345-ABC17EEE2F17}.Release|Any CPU.ActiveCfg = Release|Any CPU
		{00F2593C-D27F-4F77-8345-ABC17EEE2F17}.Release|Any CPU.Build.0 = Release|Any CPU
		{6C7EDDD1-15D8-43C0-954C-BC7ABB432BB7}.Debug|Any CPU.ActiveCfg = Debug|Any CPU
		{6C7EDDD1-15D8-43C0-954C-BC7ABB432BB7}.Debug|Any CPU.Build.0 = Debug|Any CPU
		{6C7EDDD1-15D8-43C0-954C-BC7ABB432BB7}.Release|Any CPU.ActiveCfg = Release|Any CPU
		{6C7EDDD1-15D8-43C0-954C-BC7ABB432BB7}.Release|Any CPU.Build.0 = Release|Any CPU
		{773599C8-411E-4CB0-B2F9-AA7026F8C939}.Debug|Any CPU.ActiveCfg = Debug|Any CPU
		{773599C8-411E-4CB0-B2F9-AA7026F8C939}.Debug|Any CPU.Build.0 = Debug|Any CPU
		{773599C8-411E-4CB0-B2F9-AA7026F8C939}.Release|Any CPU.ActiveCfg = Release|Any CPU
		{773599C8-411E-4CB0-B2F9-AA7026F8C939}.Release|Any CPU.Build.0 = Release|Any CPU
	EndGlobalSection
	GlobalSection(SolutionProperties) = preSolution
		HideSolutionNode = FALSE
	EndGlobalSection
	GlobalSection(NestedProjects) = preSolution
		{B334BAD5-5313-4654-A080-030DEF719C46} = {8A38BDCA-BD5A-4068-8FD7-1F99C5B648D4}
		{68067309-B153-4E20-9A93-1D71421D0980} = {8A38BDCA-BD5A-4068-8FD7-1F99C5B648D4}
		{12198D73-049D-41D9-AC4E-FA60CBD43D4A} = {A1740C2C-F32F-4852-B24E-1FF6DAC87E04}
		{00F2593C-D27F-4F77-8345-ABC17EEE2F17} = {8A38BDCA-BD5A-4068-8FD7-1F99C5B648D4}
		{6C7EDDD1-15D8-43C0-954C-BC7ABB432BB7} = {8A38BDCA-BD5A-4068-8FD7-1F99C5B648D4}
		{773599C8-411E-4CB0-B2F9-AA7026F8C939} = {8A38BDCA-BD5A-4068-8FD7-1F99C5B648D4}
	EndGlobalSection
	GlobalSection(ExtensibilityGlobals) = postSolution
		SolutionGuid = {3C79B118-7431-44D7-B911-CA5013DF5AAF}
	EndGlobalSection
EndGlobal
